
Microsoft Visual Studio Solution File, Format Version 12.00
# Visual Studio Version 17
VisualStudioVersion = 17.9.34728.123
MinimumVisualStudioVersion = 10.0.40219.1
Project("{9A19103F-16F7-4668-BE54-9A1E7A4F7556}") = "PresentacionMVC", "PresentacionMVC\PresentacionMVC.csproj", "{C4C994E4-6132-446C-9D35-1A747BB0EED5}"
EndProject
Project("{9A19103F-16F7-4668-BE54-9A1E7A4F7556}") = "LogicaNegocio", "LogicaNegocio\LogicaNegocio.csproj", "{599F5FDE-62B7-47B9-BB0A-54C42E0764BF}"
EndProject
Project("{9A19103F-16F7-4668-BE54-9A1E7A4F7556}") = "LogicaAplicacion", "LogicaAplicacion\LogicaAplicacion.csproj", "{781AEFA7-4818-4537-B489-0D9A2A9B3948}"
EndProject
Project("{9A19103F-16F7-4668-BE54-9A1E7A4F7556}") = "DTO", "DTO\DTO.csproj", "{F0472738-76E5-42E8-BD13-B2368B62A7F6}"
EndProject
Project("{9A19103F-16F7-4668-BE54-9A1E7A4F7556}") = "LogicaDatos", "LogicaDatos\LogicaDatos.csproj", "{D93376DE-9259-4298-B825-3F88A290711B}"
EndProject
Project("{FAE04EC0-301F-11D3-BF4B-00C04F79EFBC}") = "ExcepcionesPropias", "ExcepcionesPropias\ExcepcionesPropias.csproj", "{70783436-55D8-4375-92AE-769E959B0D73}"
EndProject
Global
	GlobalSection(SolutionConfigurationPlatforms) = preSolution
		Debug|Any CPU = Debug|Any CPU
		Release|Any CPU = Release|Any CPU
	EndGlobalSection
	GlobalSection(ProjectConfigurationPlatforms) = postSolution
		{C4C994E4-6132-446C-9D35-1A747BB0EED5}.Debug|Any CPU.ActiveCfg = Debug|Any CPU
		{C4C994E4-6132-446C-9D35-1A747BB0EED5}.Debug|Any CPU.Build.0 = Debug|Any CPU
		{C4C994E4-6132-446C-9D35-1A747BB0EED5}.Release|Any CPU.ActiveCfg = Release|Any CPU
		{C4C994E4-6132-446C-9D35-1A747BB0EED5}.Release|Any CPU.Build.0 = Release|Any CPU
		{599F5FDE-62B7-47B9-BB0A-54C42E0764BF}.Debug|Any CPU.ActiveCfg = Debug|Any CPU
		{599F5FDE-62B7-47B9-BB0A-54C42E0764BF}.Debug|Any CPU.Build.0 = Debug|Any CPU
		{599F5FDE-62B7-47B9-BB0A-54C42E0764BF}.Release|Any CPU.ActiveCfg = Release|Any CPU
		{599F5FDE-62B7-47B9-BB0A-54C42E0764BF}.Release|Any CPU.Build.0 = Release|Any CPU
		{781AEFA7-4818-4537-B489-0D9A2A9B3948}.Debug|Any CPU.ActiveCfg = Debug|Any CPU
		{781AEFA7-4818-4537-B489-0D9A2A9B3948}.Debug|Any CPU.Build.0 = Debug|Any CPU
		{781AEFA7-4818-4537-B489-0D9A2A9B3948}.Release|Any CPU.ActiveCfg = Release|Any CPU
		{781AEFA7-4818-4537-B489-0D9A2A9B3948}.Release|Any CPU.Build.0 = Release|Any CPU
		{F0472738-76E5-42E8-BD13-B2368B62A7F6}.Debug|Any CPU.ActiveCfg = Debug|Any CPU
		{F0472738-76E5-42E8-BD13-B2368B62A7F6}.Debug|Any CPU.Build.0 = Debug|Any CPU
		{F0472738-76E5-42E8-BD13-B2368B62A7F6}.Release|Any CPU.ActiveCfg = Release|Any CPU
		{F0472738-76E5-42E8-BD13-B2368B62A7F6}.Release|Any CPU.Build.0 = Release|Any CPU
		{D93376DE-9259-4298-B825-3F88A290711B}.Debug|Any CPU.ActiveCfg = Debug|Any CPU
		{D93376DE-9259-4298-B825-3F88A290711B}.Debug|Any CPU.Build.0 = Debug|Any CPU
		{D93376DE-9259-4298-B825-3F88A290711B}.Release|Any CPU.ActiveCfg = Release|Any CPU
		{D93376DE-9259-4298-B825-3F88A290711B}.Release|Any CPU.Build.0 = Release|Any CPU
		{70783436-55D8-4375-92AE-769E959B0D73}.Debug|Any CPU.ActiveCfg = Debug|Any CPU
		{70783436-55D8-4375-92AE-769E959B0D73}.Debug|Any CPU.Build.0 = Debug|Any CPU
		{70783436-55D8-4375-92AE-769E959B0D73}.Release|Any CPU.ActiveCfg = Release|Any CPU
		{70783436-55D8-4375-92AE-769E959B0D73}.Release|Any CPU.Build.0 = Release|Any CPU
	EndGlobalSection
	GlobalSection(SolutionProperties) = preSolution
		HideSolutionNode = FALSE
	EndGlobalSection
	GlobalSection(ExtensibilityGlobals) = postSolution
		SolutionGuid = {40521232-E8B5-4910-BDF4-C78BC3C6851E}
	EndGlobalSection
EndGlobal
